
Microsoft Visual Studio Solution File, Format Version 12.00
# Visual Studio Version 16
VisualStudioVersion = 16.0.31729.503
MinimumVisualStudioVersion = 10.0.40219.1
Project("{FAE04EC0-301F-11D3-BF4B-00C04F79EFBC}") = "Datos", "Datos\Datos.csproj", "{10C809B2-53DC-4212-AB59-E08B1C735665}"
EndProject
Project("{FAE04EC0-301F-11D3-BF4B-00C04F79EFBC}") = "Negocio", "Negocio\Negocio.csproj", "{E80C4ED8-B097-40BB-BD8B-D925F54FAD83}"
EndProject
Project("{FAE04EC0-301F-11D3-BF4B-00C04F79EFBC}") = "Presentacion", "Presentacion\Presentacion.csproj", "{BC8985FE-71CB-4A89-8C39-0C215D7BF805}"
EndProject
Project("{FAE04EC0-301F-11D3-BF4B-00C04F79EFBC}") = "PresentacionWeb", "PresentacionWeb\PresentacionWeb.csproj", "{E0EB0119-A8CA-49EF-97DA-A0038348EA9B}"
EndProject
Global
	GlobalSection(SolutionConfigurationPlatforms) = preSolution
		Debug|Any CPU = Debug|Any CPU
		Release|Any CPU = Release|Any CPU
	EndGlobalSection
	GlobalSection(ProjectConfigurationPlatforms) = postSolution
		{10C809B2-53DC-4212-AB59-E08B1C735665}.Debug|Any CPU.ActiveCfg = Debug|Any CPU
		{10C809B2-53DC-4212-AB59-E08B1C735665}.Debug|Any CPU.Build.0 = Debug|Any CPU
		{10C809B2-53DC-4212-AB59-E08B1C735665}.Release|Any CPU.ActiveCfg = Release|Any CPU
		{10C809B2-53DC-4212-AB59-E08B1C735665}.Release|Any CPU.Build.0 = Release|Any CPU
		{E80C4ED8-B097-40BB-BD8B-D925F54FAD83}.Debug|Any CPU.ActiveCfg = Debug|Any CPU
		{E80C4ED8-B097-40BB-BD8B-D925F54FAD83}.Debug|Any CPU.Build.0 = Debug|Any CPU
		{E80C4ED8-B097-40BB-BD8B-D925F54FAD83}.Release|Any CPU.ActiveCfg = Release|Any CPU
		{E80C4ED8-B097-40BB-BD8B-D925F54FAD83}.Release|Any CPU.Build.0 = Release|Any CPU
		{BC8985FE-71CB-4A89-8C39-0C215D7BF805}.Debug|Any CPU.ActiveCfg = Debug|Any CPU
		{BC8985FE-71CB-4A89-8C39-0C215D7BF805}.Debug|Any CPU.Build.0 = Debug|Any CPU
		{BC8985FE-71CB-4A89-8C39-0C215D7BF805}.Release|Any CPU.ActiveCfg = Release|Any CPU
		{BC8985FE-71CB-4A89-8C39-0C215D7BF805}.Release|Any CPU.Build.0 = Release|Any CPU
		{E0EB0119-A8CA-49EF-97DA-A0038348EA9B}.Debug|Any CPU.ActiveCfg = Debug|Any CPU
		{E0EB0119-A8CA-49EF-97DA-A0038348EA9B}.Debug|Any CPU.Build.0 = Debug|Any CPU
		{E0EB0119-A8CA-49EF-97DA-A0038348EA9B}.Release|Any CPU.ActiveCfg = Release|Any CPU
		{E0EB0119-A8CA-49EF-97DA-A0038348EA9B}.Release|Any CPU.Build.0 = Release|Any CPU
	EndGlobalSection
	GlobalSection(SolutionProperties) = preSolution
		HideSolutionNode = FALSE
	EndGlobalSection
	GlobalSection(ExtensibilityGlobals) = postSolution
		SolutionGuid = {D503A7FF-BBA9-4783-AB8D-BA0F83B5A7CF}
	EndGlobalSection
EndGlobal
