
Microsoft Visual Studio Solution File, Format Version 12.00
# Visual Studio Version 16
VisualStudioVersion = 16.0.31729.503
MinimumVisualStudioVersion = 10.0.40219.1
Project("{FAE04EC0-301F-11D3-BF4B-00C04F79EFBC}") = "lab13", "lab13.csproj", "{D2180C14-1159-4D58-AA2F-CE8708A2D15D}"
EndProject
Global
	GlobalSection(SolutionConfigurationPlatforms) = preSolution
		Debug|Any CPU = Debug|Any CPU
		Release|Any CPU = Release|Any CPU
	EndGlobalSection
	GlobalSection(ProjectConfigurationPlatforms) = postSolution
		{D2180C14-1159-4D58-AA2F-CE8708A2D15D}.Debug|Any CPU.ActiveCfg = Debug|Any CPU
		{D2180C14-1159-4D58-AA2F-CE8708A2D15D}.Debug|Any CPU.Build.0 = Debug|Any CPU
		{D2180C14-1159-4D58-AA2F-CE8708A2D15D}.Release|Any CPU.ActiveCfg = Release|Any CPU
		{D2180C14-1159-4D58-AA2F-CE8708A2D15D}.Release|Any CPU.Build.0 = Release|Any CPU
	EndGlobalSection
	GlobalSection(SolutionProperties) = preSolution
		HideSolutionNode = FALSE
	EndGlobalSection
	GlobalSection(ExtensibilityGlobals) = postSolution
		SolutionGuid = {D0EB4969-D192-4E0E-8F01-85CDD4276AB1}
	EndGlobalSection
EndGlobal
