
Microsoft Visual Studio Solution File, Format Version 12.00
# Visual Studio Version 16
VisualStudioVersion = 16.0.31613.86
MinimumVisualStudioVersion = 10.0.40219.1
Project("{FAE04EC0-301F-11D3-BF4B-00C04F79EFBC}") = "prjLAB01-2", "prjLAB01-2.csproj", "{DEA23497-E623-499D-8669-840BD2C066A7}"
EndProject
Global
	GlobalSection(SolutionConfigurationPlatforms) = preSolution
		Debug|Any CPU = Debug|Any CPU
		Release|Any CPU = Release|Any CPU
	EndGlobalSection
	GlobalSection(ProjectConfigurationPlatforms) = postSolution
		{DEA23497-E623-499D-8669-840BD2C066A7}.Debug|Any CPU.ActiveCfg = Debug|Any CPU
		{DEA23497-E623-499D-8669-840BD2C066A7}.Debug|Any CPU.Build.0 = Debug|Any CPU
		{DEA23497-E623-499D-8669-840BD2C066A7}.Release|Any CPU.ActiveCfg = Release|Any CPU
		{DEA23497-E623-499D-8669-840BD2C066A7}.Release|Any CPU.Build.0 = Release|Any CPU
	EndGlobalSection
	GlobalSection(SolutionProperties) = preSolution
		HideSolutionNode = FALSE
	EndGlobalSection
	GlobalSection(ExtensibilityGlobals) = postSolution
		SolutionGuid = {4C99D598-8B21-4726-B5C7-32A27116AD35}
	EndGlobalSection
EndGlobal
